
Microsoft Visual Studio Solution File, Format Version 12.00
# Visual Studio Version 17
VisualStudioVersion = 17.3.32922.545
MinimumVisualStudioVersion = 10.0.40219.1
Project("{FAE04EC0-301F-11D3-BF4B-00C04F79EFBC}") = "Web_identity", "Web_identity.csproj", "{29E6B697-8A64-41C1-B1CF-BC0DE7E72547}"
EndProject
Global
	GlobalSection(SolutionConfigurationPlatforms) = preSolution
		Debug|Any CPU = Debug|Any CPU
		Release|Any CPU = Release|Any CPU
	EndGlobalSection
	GlobalSection(ProjectConfigurationPlatforms) = postSolution
		{29E6B697-8A64-41C1-B1CF-BC0DE7E72547}.Debug|Any CPU.ActiveCfg = Debug|Any CPU
		{29E6B697-8A64-41C1-B1CF-BC0DE7E72547}.Debug|Any CPU.Build.0 = Debug|Any CPU
		{29E6B697-8A64-41C1-B1CF-BC0DE7E72547}.Release|Any CPU.ActiveCfg = Release|Any CPU
		{29E6B697-8A64-41C1-B1CF-BC0DE7E72547}.Release|Any CPU.Build.0 = Release|Any CPU
	EndGlobalSection
	GlobalSection(SolutionProperties) = preSolution
		HideSolutionNode = FALSE
	EndGlobalSection
	GlobalSection(ExtensibilityGlobals) = postSolution
		SolutionGuid = {48AACC4D-684C-4586-BFC4-11AA269611CD}
	EndGlobalSection
EndGlobal
